Microsoft Visual Studio Solution File, Format Version 12.00
Project("{FAE04EC0-301F-11D3-BF4B-00C04F79EFBC}") = "Emik.Rubbish", "Emik.Rubbish.csproj", "{0FB54542-BCD6-4EE7-A590-061991FD10A8}"
EndProject
Project("{FAE04EC0-301F-11D3-BF4B-00C04F79EFBC}") = "Emik.Rubbish.Playground", "Emik.Rubbish.Playground\Emik.Rubbish.Playground.csproj", "{80A70D62-A9BF-4A28-919D-7D61CAACB690}"
EndProject
Global
	GlobalSection(SolutionConfigurationPlatforms) = preSolution
		Debug|Any CPU = Debug|Any CPU
		Release|Any CPU = Release|Any CPU
	EndGlobalSection
	GlobalSection(ProjectConfigurationPlatforms) = postSolution
		{0FB54542-BCD6-4EE7-A590-061991FD10A8}.Debug|Any CPU.ActiveCfg = Debug|Any CPU
		{0FB54542-BCD6-4EE7-A590-061991FD10A8}.Debug|Any CPU.Build.0 = Debug|Any CPU
		{0FB54542-BCD6-4EE7-A590-061991FD10A8}.Release|Any CPU.ActiveCfg = Release|Any CPU
		{0FB54542-BCD6-4EE7-A590-061991FD10A8}.Release|Any CPU.Build.0 = Release|Any CPU
		{80A70D62-A9BF-4A28-919D-7D61CAACB690}.Debug|Any CPU.ActiveCfg = Debug|Any CPU
		{80A70D62-A9BF-4A28-919D-7D61CAACB690}.Debug|Any CPU.Build.0 = Debug|Any CPU
		{80A70D62-A9BF-4A28-919D-7D61CAACB690}.Release|Any CPU.ActiveCfg = Release|Any CPU
		{80A70D62-A9BF-4A28-919D-7D61CAACB690}.Release|Any CPU.Build.0 = Release|Any CPU
	EndGlobalSection
EndGlobal

